{
    "_meta": {
        "hash": {
            "sha256": "ebac47dca39d93900439e9fd67df87913ed42c09c8bf9163d362aa8be7ec5d75"
        },
        "pipfile-spec": 6,
        "requires": {
            "python_version": "3.7"
        },
        "sources": [
            {
                "name": "pypi",
                "url": "https://pypi.python.org/simple",
                "verify_ssl": true
            }
        ]
    },
    "default": {
        "cycler": {
            "hashes": [
                "sha256:1d8a5ae1ff6c5cf9b93e8811e581232ad8920aeec647c37316ceac982b08cb2d",
                "sha256:cd7b2d1018258d7247a71425e9f26463dfb444d411c39569972f4ce586b0c9d8"
            ],
            "version": "==0.10.0"
        },
        "joblib": {
            "hashes": [
                "sha256:75ead23f13484a2a414874779d69ade40d4fa1abe62b222a23cd50d4bc822f6f",
                "sha256:7ad866067ac1fdec27d51c8678ea760601b70e32ff1881d4dc8e1171f2b64b24"
            ],
            "markers": "python_version >= '3.6'",
            "version": "==1.0.0"
        },
        "kiwisolver": {
            "hashes": [
                "sha256:0cd53f403202159b44528498de18f9285b04482bab2a6fc3f5dd8dbb9352e30d",
                "sha256:1e1bc12fb773a7b2ffdeb8380609f4f8064777877b2225dec3da711b421fda31",
                "sha256:225e2e18f271e0ed8157d7f4518ffbf99b9450fca398d561eb5c4a87d0986dd9",
                "sha256:232c9e11fd7ac3a470d65cd67e4359eee155ec57e822e5220322d7b2ac84fbf0",
                "sha256:31dfd2ac56edc0ff9ac295193eeaea1c0c923c0355bf948fbd99ed6018010b72",
                "sha256:33449715e0101e4d34f64990352bce4095c8bf13bed1b390773fc0a7295967b3",
                "sha256:401a2e9afa8588589775fe34fc22d918ae839aaaf0c0e96441c0fdbce6d8ebe6",
                "sha256:44a62e24d9b01ba94ae7a4a6c3fb215dc4af1dde817e7498d901e229aaf50e4e",
                "sha256:50af681a36b2a1dee1d3c169ade9fdc59207d3c31e522519181e12f1b3ba7000",
                "sha256:563c649cfdef27d081c84e72a03b48ea9408c16657500c312575ae9d9f7bc1c3",
                "sha256:5989db3b3b34b76c09253deeaf7fbc2707616f130e166996606c284395da3f18",
                "sha256:5a7a7dbff17e66fac9142ae2ecafb719393aaee6a3768c9de2fd425c63b53e21",
                "sha256:5c3e6455341008a054cccee8c5d24481bcfe1acdbc9add30aa95798e95c65621",
                "sha256:5f6ccd3dd0b9739edcf407514016108e2280769c73a85b9e59aa390046dbf08b",
                "sha256:72c99e39d005b793fb7d3d4e660aed6b6281b502e8c1eaf8ee8346023c8e03bc",
                "sha256:78751b33595f7f9511952e7e60ce858c6d64db2e062afb325985ddbd34b5c131",
                "sha256:834ee27348c4aefc20b479335fd422a2c69db55f7d9ab61721ac8cd83eb78882",
                "sha256:8be8d84b7d4f2ba4ffff3665bcd0211318aa632395a1a41553250484a871d454",
                "sha256:950a199911a8d94683a6b10321f9345d5a3a8433ec58b217ace979e18f16e248",
                "sha256:a357fd4f15ee49b4a98b44ec23a34a95f1e00292a139d6015c11f55774ef10de",
                "sha256:a53d27d0c2a0ebd07e395e56a1fbdf75ffedc4a05943daf472af163413ce9598",
                "sha256:acef3d59d47dd85ecf909c359d0fd2c81ed33bdff70216d3956b463e12c38a54",
                "sha256:b38694dcdac990a743aa654037ff1188c7a9801ac3ccc548d3341014bc5ca278",
                "sha256:b9edd0110a77fc321ab090aaa1cfcaba1d8499850a12848b81be2222eab648f6",
                "sha256:c08e95114951dc2090c4a630c2385bef681cacf12636fb0241accdc6b303fd81",
                "sha256:c5518d51a0735b1e6cee1fdce66359f8d2b59c3ca85dc2b0813a8aa86818a030",
                "sha256:c8fd0f1ae9d92b42854b2979024d7597685ce4ada367172ed7c09edf2cef9cb8",
                "sha256:ca3820eb7f7faf7f0aa88de0e54681bddcb46e485beb844fcecbcd1c8bd01689",
                "sha256:cf8b574c7b9aa060c62116d4181f3a1a4e821b2ec5cbfe3775809474113748d4",
                "sha256:d3155d828dec1d43283bd24d3d3e0d9c7c350cdfcc0bd06c0ad1209c1bbc36d0",
                "sha256:f8d6f8db88049a699817fd9178782867bf22283e3813064302ac59f61d95be05",
                "sha256:fd34fbbfbc40628200730bc1febe30631347103fc8d3d4fa012c21ab9c11eca9"
            ],
            "markers": "python_version >= '3.6'",
            "version": "==1.3.1"
        },
        "matplotlib": {
            "hashes": [
                "sha256:09225edca87a79815822eb7d3be63a83ebd4d9d98d5aa3a15a94f4eee2435954",
                "sha256:0caa687fce6174fef9b27d45f8cc57cbc572e04e98c81db8e628b12b563d59a2",
                "sha256:27c9393fada62bd0ad7c730562a0fecbd3d5aaa8d9ed80ba7d3ebb8abc4f0453",
                "sha256:2c2c5041608cb75c39cbd0ed05256f8a563e144234a524c59d091abbfa7a868f",
                "sha256:2d31aff0c8184b05006ad756b9a4dc2a0805e94d28f3abc3187e881b6673b302",
                "sha256:3a4c3e9be63adf8e9b305aa58fb3ec40ecc61fd0f8fd3328ce55bc30e7a2aeb0",
                "sha256:5111d6d47a0f5b8f3e10af7a79d5e7eb7e73a22825391834734274c4f312a8a0",
                "sha256:5ed3d3342698c2b1f3651f8ea6c099b0f196d16ee00e33dc3a6fee8cb01d530a",
                "sha256:6ffd2d80d76df2e5f9f0c0140b5af97e3b87dd29852dcdb103ec177d853ec06b",
                "sha256:746897fbd72bd462b888c74ed35d812ca76006b04f717cd44698cdfc99aca70d",
                "sha256:756ee498b9ba35460e4cbbd73f09018e906daa8537fff61da5b5bf8d5e9de5c7",
                "sha256:7ad44f2c74c50567c694ee91c6fa16d67e7c8af6f22c656b80469ad927688457",
                "sha256:83e6c895d93fdf93eeff1a21ee96778ba65ef258e5d284160f7c628fee40c38f",
                "sha256:9b03722c89a43a61d4d148acfc89ec5bb54cd0fd1539df25b10eb9c5fa6c393a",
                "sha256:a4fe54eab2c7129add75154823e6543b10261f9b65b2abe692d68743a4999f8c",
                "sha256:b1b60c6476c4cfe9e5cf8ab0d3127476fd3d5f05de0f343a452badaad0e4bdec",
                "sha256:b26c472847911f5a7eb49e1c888c31c77c4ddf8023c1545e0e8e0367ba74fb15",
                "sha256:b2a5e1f637a92bb6f3526cc54cc8af0401112e81ce5cba6368a1b7908f9e18bc",
                "sha256:b7b09c61a91b742cb5460b72efd1fe26ef83c1c704f666e0af0df156b046aada",
                "sha256:b8ba2a1dbb4660cb469fe8e1febb5119506059e675180c51396e1723ff9b79d9",
                "sha256:c092fc4673260b1446b8578015321081d5db73b94533fe4bf9b69f44e948d174",
                "sha256:c586ac1d64432f92857c3cf4478cfb0ece1ae18b740593f8a39f2f0b27c7fda5",
                "sha256:d082f77b4ed876ae94a9373f0db96bf8768a7cca6c58fc3038f94e30ffde1880",
                "sha256:e71cdd402047e657c1662073e9361106c6981e9621ab8c249388dfc3ec1de07b",
                "sha256:eb6b6700ea454bb88333d98601e74928e06f9669c1ea231b4c4c666c1d7701b4"
            ],
            "index": "pypi",
            "version": "==3.3.3"
        },
        "numpy": {
            "hashes": [
                "sha256:08308c38e44cc926bdfce99498b21eec1f848d24c302519e64203a8da99a97db",
                "sha256:09c12096d843b90eafd01ea1b3307e78ddd47a55855ad402b157b6c4862197ce",
                "sha256:13d166f77d6dc02c0a73c1101dd87fdf01339febec1030bd810dcd53fff3b0f1",
                "sha256:141ec3a3300ab89c7f2b0775289954d193cc8edb621ea05f99db9cb181530512",
                "sha256:16c1b388cc31a9baa06d91a19366fb99ddbe1c7b205293ed072211ee5bac1ed2",
                "sha256:18bed2bcb39e3f758296584337966e68d2d5ba6aab7e038688ad53c8f889f757",
                "sha256:1aeef46a13e51931c0b1cf8ae1168b4a55ecd282e6688fdb0a948cc5a1d5afb9",
                "sha256:27d3f3b9e3406579a8af3a9f262f5339005dd25e0ecf3cf1559ff8a49ed5cbf2",
                "sha256:2a2740aa9733d2e5b2dfb33639d98a64c3b0f24765fed86b0fd2aec07f6a0a08",
                "sha256:4377e10b874e653fe96985c05feed2225c912e328c8a26541f7fc600fb9c637b",
                "sha256:448ebb1b3bf64c0267d6b09a7cba26b5ae61b6d2dbabff7c91b660c7eccf2bdb",
                "sha256:50e86c076611212ca62e5a59f518edafe0c0730f7d9195fec718da1a5c2bb1fc",
                "sha256:5734bdc0342aba9dfc6f04920988140fb41234db42381cf7ccba64169f9fe7ac",
                "sha256:64324f64f90a9e4ef732be0928be853eee378fd6a01be21a0a8469c4f2682c83",
                "sha256:6ae6c680f3ebf1cf7ad1d7748868b39d9f900836df774c453c11c5440bc15b36",
                "sha256:6d7593a705d662be5bfe24111af14763016765f43cb6923ed86223f965f52387",
                "sha256:8cac8790a6b1ddf88640a9267ee67b1aee7a57dfa2d2dd33999d080bc8ee3a0f",
                "sha256:8ece138c3a16db8c1ad38f52eb32be6086cc72f403150a79336eb2045723a1ad",
                "sha256:9eeb7d1d04b117ac0d38719915ae169aa6b61fca227b0b7d198d43728f0c879c",
                "sha256:a09f98011236a419ee3f49cedc9ef27d7a1651df07810ae430a6b06576e0b414",
                "sha256:a5d897c14513590a85774180be713f692df6fa8ecf6483e561a6d47309566f37",
                "sha256:ad6f2ff5b1989a4899bf89800a671d71b1612e5ff40866d1f4d8bcf48d4e5764",
                "sha256:c42c4b73121caf0ed6cd795512c9c09c52a7287b04d105d112068c1736d7c753",
                "sha256:cb1017eec5257e9ac6209ac172058c430e834d5d2bc21961dceeb79d111e5909",
                "sha256:d6c7bb82883680e168b55b49c70af29b84b84abb161cbac2800e8fcb6f2109b6",
                "sha256:e452dc66e08a4ce642a961f134814258a082832c78c90351b75c41ad16f79f63",
                "sha256:e5b6ed0f0b42317050c88022349d994fe72bfe35f5908617512cd8c8ef9da2a9",
                "sha256:e9b30d4bd69498fc0c3fe9db5f62fffbb06b8eb9321f92cc970f2969be5e3949",
                "sha256:ec149b90019852266fec2341ce1db513b843e496d5a8e8cdb5ced1923a92faab",
                "sha256:edb01671b3caae1ca00881686003d16c2209e07b7ef8b7639f1867852b948f7c",
                "sha256:f0d3929fe88ee1c155129ecd82f981b8856c5d97bcb0d5f23e9b4242e79d1de3",
                "sha256:f29454410db6ef8126c83bd3c968d143304633d45dc57b51252afbd79d700893",
                "sha256:fe45becb4c2f72a0907c1d0246ea6449fe7a9e2293bb0e11c4e9a32bb0930a15",
                "sha256:fedbd128668ead37f33917820b704784aff695e0019309ad446a6d0b065b57e4"
            ],
            "markers": "python_version >= '3.6'",
            "version": "==1.19.4"
        },
        "pandas": {
            "hashes": [
                "sha256:0be6102dd99910513e75ed6536284743ead810349c51bdeadd2a5b6649f30abb",
                "sha256:272675a98fa4954b9fc0933df775596fc942e50015d7e75d8f19548808a2bfdf",
                "sha256:2d8b4f532db37418121831a461fd107d826c240b098f52e7a1b4ab3d5aaa4fb2",
                "sha256:33318fa24b192b1a4684347ff76679a7267fd4e547da9f71556a5914f0dc10e7",
                "sha256:3bc6d2be03cb75981d8cbeda09503cd9d6d699fc0dc28a65e197165ad527b7b8",
                "sha256:43482789c55cbabeed9482263cfc98a11e8fcae900cb63ef038948acb4a72570",
                "sha256:616478c1bd8fe1e600f521ae2da434e021c11e7a4e5da3451d02906143d3629a",
                "sha256:6c1a57e4d0d6f9633a07817c44e6b36d81c265fe4c52d0c0505513a2d0f7953c",
                "sha256:7904ee438549b5223ce8dc008772458dd7c5cf0ccc64cf903e81202400702235",
                "sha256:7b54c14130a3448d81eed1348f52429c23e27188d9db6e6d4afeae792bc49c11",
                "sha256:8f92b07cdbfa3704d85b4264e52c216cafe6c0059b0d07cdad8cb29e0b90f2b8",
                "sha256:91fd0b94e7b98528177a05e6f65efea79d7ef9dec15ee48c7c69fc39fdd87235",
                "sha256:9c6692cea6d56da8650847172bdb148622f545e7782d17995822434c79d7a211",
                "sha256:9e18631d996fe131de6cb31a8bdae18965cc8f39eb23fdfbbf42808ecc63dabf",
                "sha256:cba93d4fd3b0a42858b2b599495aff793fb5d94587979f45a14177d1217ba446",
                "sha256:e03386615b970b8b41da6a68afe717626741bb2431cec993640685614c0680e4",
                "sha256:f8b87d2f541cd9bc4ecfe85a561abac85c33fe4de4ce70cca36b2768af2611f5"
            ],
            "index": "pypi",
            "version": "==1.2.0"
        },
        "patsy": {
            "hashes": [
                "sha256:5465be1c0e670c3a965355ec09e9a502bf2c4cbe4875e8528b0221190a8a5d40",
                "sha256:f115cec4201e1465cd58b9866b0b0e7b941caafec129869057405bfe5b5e3991"
            ],
            "version": "==0.5.1"
        },
        "pillow": {
            "hashes": [
                "sha256:006de60d7580d81f4a1a7e9f0173dc90a932e3905cc4d47ea909bc946302311a",
                "sha256:0a2e8d03787ec7ad71dc18aec9367c946ef8ef50e1e78c71f743bc3a770f9fae",
                "sha256:0eeeae397e5a79dc088d8297a4c2c6f901f8fb30db47795113a4a605d0f1e5ce",
                "sha256:11c5c6e9b02c9dac08af04f093eb5a2f84857df70a7d4a6a6ad461aca803fb9e",
                "sha256:2fb113757a369a6cdb189f8df3226e995acfed0a8919a72416626af1a0a71140",
                "sha256:4b0ef2470c4979e345e4e0cc1bbac65fda11d0d7b789dbac035e4c6ce3f98adb",
                "sha256:59e903ca800c8cfd1ebe482349ec7c35687b95e98cefae213e271c8c7fffa021",
                "sha256:5abd653a23c35d980b332bc0431d39663b1709d64142e3652890df4c9b6970f6",
                "sha256:5f9403af9c790cc18411ea398a6950ee2def2a830ad0cfe6dc9122e6d528b302",
                "sha256:6b4a8fd632b4ebee28282a9fef4c341835a1aa8671e2770b6f89adc8e8c2703c",
                "sha256:6c1aca8231625115104a06e4389fcd9ec88f0c9befbabd80dc206c35561be271",
                "sha256:795e91a60f291e75de2e20e6bdd67770f793c8605b553cb6e4387ce0cb302e09",
                "sha256:7ba0ba61252ab23052e642abdb17fd08fdcfdbbf3b74c969a30c58ac1ade7cd3",
                "sha256:7c9401e68730d6c4245b8e361d3d13e1035cbc94db86b49dc7da8bec235d0015",
                "sha256:81f812d8f5e8a09b246515fac141e9d10113229bc33ea073fec11403b016bcf3",
                "sha256:895d54c0ddc78a478c80f9c438579ac15f3e27bf442c2a9aa74d41d0e4d12544",
                "sha256:8de332053707c80963b589b22f8e0229f1be1f3ca862a932c1bcd48dafb18dd8",
                "sha256:92c882b70a40c79de9f5294dc99390671e07fc0b0113d472cbea3fde15db1792",
                "sha256:95edb1ed513e68bddc2aee3de66ceaf743590bf16c023fb9977adc4be15bd3f0",
                "sha256:b63d4ff734263ae4ce6593798bcfee6dbfb00523c82753a3a03cbc05555a9cc3",
                "sha256:bd7bf289e05470b1bc74889d1466d9ad4a56d201f24397557b6f65c24a6844b8",
                "sha256:cc3ea6b23954da84dbee8025c616040d9aa5eaf34ea6895a0a762ee9d3e12e11",
                "sha256:cc9ec588c6ef3a1325fa032ec14d97b7309db493782ea8c304666fb10c3bd9a7",
                "sha256:d3d07c86d4efa1facdf32aa878bd508c0dc4f87c48125cc16b937baa4e5b5e11",
                "sha256:d8a96747df78cda35980905bf26e72960cba6d355ace4780d4bdde3b217cdf1e",
                "sha256:e38d58d9138ef972fceb7aeec4be02e3f01d383723965bfcef14d174c8ccd039",
                "sha256:eb472586374dc66b31e36e14720747595c2b265ae962987261f044e5cce644b5",
                "sha256:fbd922f702582cb0d71ef94442bfca57624352622d75e3be7a1e7e9360b07e72"
            ],
            "markers": "python_version >= '3.6'",
            "version": "==8.0.1"
        },
        "plotly": {
            "hashes": [
                "sha256:f0462e494d324a1649dee0208ab04fc7a158740488373d31a499f6d691167a04",
                "sha256:f2a38726ddc7ce185a277c78a41b50bb8cfcfa4f53b45a481417401cadc0454c"
            ],
            "index": "pypi",
            "version": "==4.14.1"
        },
        "pycairo": {
            "hashes": [
                "sha256:2088100a099c09c5e90bf247409ce6c98f51766b53bd13f96d6aac7addaa3e66",
                "sha256:273a33c56aba724ec42fe1d8f94c86c2e2660c1277470be9b04e5113d7c5b72d",
                "sha256:5695a10cb7f9ae0d01f665b56602a845b0a8cb17e2123bfece10c2e58552468c",
                "sha256:57166119e424d71eccdba6b318bd731bdabd17188e2ba10d4f315f7bf16ace3f",
                "sha256:57a768f4edc8a9890d98070dd473a812ac3d046cef4bc1c817d68024dab9a9b4",
                "sha256:8cfa9578b745fb9cf2915ec580c2c50ebc2da00eac2cf4c4b54b63aa19da4b77",
                "sha256:a942614923b88ae75c794506d5c426fba9c46a055d3fdd3b8db7046b75c079cc",
                "sha256:ceb1edcbeb48dabd5fbbdff2e4b429aa88ddc493d6ebafe78d94b050ac0749e2",
                "sha256:e5a3433690c473e073a9917dc8f1fc7dc8b9af7b201bf372894b8ad70d960c6d"
            ],
            "index": "pypi",
            "version": "==1.20.0"
        },
        "pyparsing": {
            "hashes": [
                "sha256:c203ec8783bf771a155b207279b9bccb8dea02d8f0c9e5f8ead507bc3246ecc1",
                "sha256:ef9d7589ef3c200abe66653d3f1ab1033c3c419ae9b9bdb1240a85b024efc88b"
            ],
            "markers": "python_version >= '2.6' and python_version not in '3.0, 3.1, 3.2, 3.3'",
            "version": "==2.4.7"
        },
        "pyqt5": {
            "hashes": [
                "sha256:29889845688a54d62820585ad5b2e0200a36b304ff3d7a555e95599f110ba4ce",
                "sha256:372b08dc9321d1201e4690182697c5e7ffb2e0770e6b4a45519025134b12e4fc",
                "sha256:894ca4ae767a8d6cf5903784b71f755073c78cb8c167eecf6e4ed6b3b055ac6a",
                "sha256:ea24f24b7679bf393dd2e4f53fe0ce65021be18304c1ff7a226c2fc5c356d0da",
                "sha256:faaecb76ec65e12673a968e7f5bc02495957e6996f0a3fa0d98895f9e4113746"
            ],
            "index": "pypi",
            "version": "==5.15.2"
        },
        "pyqt5-sip": {
            "hashes": [
                "sha256:0304ca9114b9817a270f67f421355075b78ff9fc25ac58ffd72c2601109d2194",
                "sha256:0cd969be528c27bbd4755bd323dff4a79a8fdda28215364e6ce3e069cb56c2a9",
                "sha256:2f35e82fd7ec1e1f6716e9154721c7594956a4f5bd4f826d8c6a6453833cc2f0",
                "sha256:30e944db9abee9cc757aea16906d4198129558533eb7fadbe48c5da2bd18e0bd",
                "sha256:34dcd29be47553d5f016ff86e89e24cbc5eebae92eb2f96fb32d2d7ba028c43c",
                "sha256:5a011aeff89660622a6d5c3388d55a9d76932f3b82c95e82fc31abd8b1d2990d",
                "sha256:6c1ebee60f1d2b3c70aff866b7933d8d8d7646011f7c32f9321ee88c290aa4f9",
                "sha256:7b81382ce188d63890a0e35abe0f9bb946cabc873a31873b73583b0fc84ac115",
                "sha256:832fd60a264de4134c2824d393320838f3ab648180c9c357ec58a74524d24507",
                "sha256:84ba7746762bd223bed22428e8561aa267a229c28344c2d28c5d5d3f8970cffb",
                "sha256:9312ec47cac4e33c11503bc1cbeeb0bdae619620472f38e2078c5a51020a930f",
                "sha256:a1b8ef013086e224b8e86c93f880f776d01b59195bdfa2a8e0b23f0480678fec",
                "sha256:a29e2ac399429d3b7738f73e9081e50783e61ac5d29344e0802d0dcd6056c5a2",
                "sha256:b6d42250baec52a5f77de64e2951d001c5501c3a2df2179f625b241cbaec3369",
                "sha256:bb5a87b66fc1445915104ee97f7a20a69decb42f52803e3b0795fa17ff88226c",
                "sha256:c317ab1263e6417c498b81f5c970a9b1af7acefab1f80b4cc0f2f8e661f29fc5",
                "sha256:c9800729badcb247765e4ffe2241549d02da1fa435b9db224845bc37c3e99cb0",
                "sha256:c9d6d448c29dc6606bb7974696608f81f4316c8234f7c7216396ed110075e777",
                "sha256:da9c9f1e65b9d09e73bd75befc82961b6b61b5a3b9d0a7c832168e1415f163c6",
                "sha256:ed897c58acf4a3cdca61469daa31fe6e44c33c6c06a37c3f21fab31780b3b86a",
                "sha256:f168f0a7f32b81bfeffdf003c36f25d81c97dee5eb67072a5183e761fe250f13"
            ],
            "markers": "python_version >= '3.5'",
            "version": "==12.8.1"
        },
        "pyqtwebengine": {
            "hashes": [
                "sha256:4d72fea774071ce6f76e341a3d2c5d595886c9906a9b9493239c841cce54a634",
                "sha256:8ba247d0873bbeaee70f273cafbfa985a93947b2b8df23059607ec3595fee128",
                "sha256:db99bdf6c01c84bcc7369b0c49702e40451bc48372d4281777e17dbb84874c1a",
                "sha256:e9f4a09cce6d8ab8b6c7e7a11e21f606ae713ff275c749839aa4d871a799fccc",
                "sha256:fe5a02d4cf2327b6a930f8146589842b7664ac703cfddf1f83172423a32e3164"
            ],
            "index": "pypi",
            "version": "==5.15.2"
        },
        "python-dateutil": {
            "hashes": [
                "sha256:73ebfe9dbf22e832286dafa60473e4cd239f8592f699aa5adaf10050e6e1823c",
                "sha256:75bb3f31ea686f1197762692a9ee6a7550b59fc6ca3a1f4b5d7e32fb98e2da2a"
            ],
            "markers": "python_version >= '2.7' and python_version not in '3.0, 3.1, 3.2, 3.3'",
            "version": "==2.8.1"
        },
        "python-igraph": {
            "hashes": [
                "sha256:05626394df3459eb9a00364ca15af21daf5a10a800ad06dc897735d72c15dfa5",
                "sha256:0d27f77bd00942ea22acbea97ea4c792b0b0126931e1723a9c8535acef59219a",
                "sha256:1200984563df3ad57b02343fa526e7c79a1602a8e3040582e9fac17703e09a82",
                "sha256:15ca37c91a93db0f03dcef211edcaaa3ccafdc18ff2a74359afb71e5f8dbe007",
                "sha256:2d7dcdb1fd0b6d4c6a0f1901feae6b3cc3f7a81123b8ed8706213b7d98af4292",
                "sha256:352d18a47e2c191b34534f79515344bc6727cfcf1196ca09fa1ca50a6a6a0497",
                "sha256:38574aff86681fb75c70444b8aeedae010843321683d80f4c7511f73754ad63c",
                "sha256:3edca294a68ac88dd1e5a6b363e495d64787b52aa0777ffb6a87a81dea263b8c",
                "sha256:40cedaec28fa39997798311db7a6d0f47ad6644245cb5049f37864a644530f7b",
                "sha256:46d89eba435ccdbf3aba0af16782e5ef45bdf7ef0e28fe9683c1a656bb9f240b",
                "sha256:4efebee0ceeea457f9e18c26decba8047dd435a581fba780d19b7115da805cbd",
                "sha256:52aba4fbc92cac1482aadb69a248b64ddbd594ef9b293e4119b428435cfd8cd2",
                "sha256:54871369c8905d0df01a2d06db1e3a711156ded7e47da555e5366348b0690c91",
                "sha256:6e2d42f7d7e37b20c701d5e09d4f871373b71c79b93578dca554eb158fb1a92b",
                "sha256:71ee9467fb13f21465df53e8024dda12e3b170012039001b8f495c7bc8a3cb44",
                "sha256:79c8b0d52497ac02c872a382491fc81214a01b694995520ed18abaab9d73c031",
                "sha256:7ff11d0348aa220b61cf73e933df341c1d89a5b7312e8b9077737091cb650b9e",
                "sha256:8004e5840db2d8aea489d9ee6a868f4475aa835fa761f85113305fd254ad9871",
                "sha256:87191d10d16db2332dec69c814152a22535e5b42dcb9ce8c39e5024f1f576368",
                "sha256:986076fa46f1f4eee500a270b7bb5bb0bcb68d9d775bedb98c898a678b3332a4",
                "sha256:a36072566a5b5bbf6223f76b616c5a5fa95cb280626886de7ad6fc870f921880",
                "sha256:ab063dbef3d3d442b9b351049961a81b4c281d0700d8e4f75f0a0c157e84864a",
                "sha256:bc8b48a95b88cceab1fa918d2d63ef0ac04674c43db77984c5288e8ada524afc",
                "sha256:c12ad84de1f0f6912bd0b5c52af5dbb9a96550ced521e7c1b9fcf2250d2e2b16",
                "sha256:c290c4d0586cf2a4353b0b204cac365b02626bf96e7f7dba265a6265b24806c5",
                "sha256:cf22509897b454538bb4cf2f84faef0351125fd2272ab09eec0aaf5005591d12",
                "sha256:d906c30f478943d91f8acecbfbc4194b9dd5402a20373a4159220dec3b78ce55",
                "sha256:e1045c64a4c346486a9b76ae888a8901dfc4555be4872ab81dd66e7a6860569b",
                "sha256:e1f27622eddeb2bd5fdcbadb41ef048e884790bb050f9627c086dc609d0f1236",
                "sha256:e7761befd224acad7bd1f14b2984f616bda520bf05622e39dbbdcd97a793672c",
                "sha256:e814a8d4ebb9dd089e5ae98a3fe0b0b367467950e5bea7369779b570eb39c5fe",
                "sha256:ecb6385cf70515a08fc31ce6ef4616a8ab96b983e16ed5bcaf2b5bb44d7c1dad",
                "sha256:ede5f770df2fbe1cae45aae7f8fb110f01253d4a9ba2b919ccc2d76ab8d57e91",
                "sha256:fa25cd51c1defd85ede46050f679b9c06179b68db01921d611f5eddab6910852",
                "sha256:ff86acb8b33722994647c50cc2bbefe8174cd796b69a1523c5f8cdbc36438abc"
            ],
            "index": "pypi",
            "version": "==0.8.3"
        },
        "pytz": {
            "hashes": [
                "sha256:16962c5fb8db4a8f63a26646d8886e9d769b6c511543557bc84e9569fb9a9cb4",
                "sha256:180befebb1927b16f6b57101720075a984c019ac16b1b7575673bea42c6c3da5"
            ],
            "version": "==2020.5"
        },
        "retrying": {
            "hashes": [
                "sha256:08c039560a6da2fe4f2c426d0766e284d3b736e355f8dd24b37367b0bb41973b"
            ],
            "version": "==1.3.3"
        },
        "scikit-learn": {
            "hashes": [
                "sha256:076369634ee72b5a5941440661e2f306ff4ac30903802dc52031c7e9199ac640",
                "sha256:18f7131e62265bf2691ed1d0303c640313894ccfe4278427478c6b2f45094b53",
                "sha256:26f66b3726b54dfb76ea51c5d9c2431ed17ebc066cb4527662b9e851a3e7ba61",
                "sha256:2951f87d35e72f007701c6e028aa230f6df6212a3194677c0c950486066a454d",
                "sha256:2a5348585aa793bc8cc5a72f8e9067c9380834b0aadbd55f924843b071f13282",
                "sha256:3eeff086f7329521d27249a082ea3c48c085cedb110db5f65968ab55c3ba2e09",
                "sha256:4395e91b3548005f4a645018435b5a94f8cce232b5b70753020e606c6a750656",
                "sha256:44e452ea8491225c5783d49577aad0f36202dfd52aec7f82c0fdfe5fbd5f7400",
                "sha256:490436b44b3a1957cb625e871764b0aa330b34cc416aea4abc6c38ca63d0d682",
                "sha256:5e6e3c042cea83f2e20a45e563b8eabc1f8f72446251fe23ebefdf111a173a33",
                "sha256:66f27bf21202a850bcd7b6303916e4907f6e22ec59a14974ede4955aed5c7ed0",
                "sha256:743b6edd98c98991be46c08e6b21df3861d5ae915f91d59f988384d93f7263e7",
                "sha256:758619e49cd7c17282e6cc60d5cc73c02c072b47c9a10010bb3bb47e0d976e50",
                "sha256:7f654befc5ad413690cc58f3f34a3e906caf825195ce0fda00a8e9565e1403e6",
                "sha256:800aaf63f8838c00e85db2267dd226f89858594843fd03932a9eda95746d2c40",
                "sha256:80ca024154b84b6ac4cfc86930ba13fdc348a209753bf2c16129db6f9eb8a80b",
                "sha256:890d7d588f65acb0c4f6c083347c9076916bda5e6bd8400f06244b1afc1009af",
                "sha256:905d8934d1e27a686698864a5863ff2c0e13a2ae1adb78a8a848aacc8a49927d",
                "sha256:afeb06dc69847927634e58579b9cdc72e1390b79497336b2324b1b173f33bd47",
                "sha256:b0d13fd56d26cf3de0314a4fd48037108c638fe126d813f5c1222bb0f08b6a76",
                "sha256:c08b27cb78ee8d2dc781a7affed09859441f5b624f9f92da59ac0791c8774dfc",
                "sha256:c912247e42114f389858ae05d63f4359d4e667ea72aaabee191aee9ad3f9774a",
                "sha256:d7fe05fcb44eadd6d6c874c768f085f5de1239db3a3b7be4d3d23d12e4120589",
                "sha256:d819d625832fb2969911a243e009cfa135cb8ef1e150866e417d6e9d75290087",
                "sha256:e534f5f3796db6781c87e9835dcd51b7854c8c5a379c9210b93605965c1941fd"
            ],
            "markers": "python_version >= '3.6'",
            "version": "==0.24.0"
        },
        "scipy": {
            "hashes": [
                "sha256:168c45c0c32e23f613db7c9e4e780bc61982d71dcd406ead746c7c7c2f2004ce",
                "sha256:213bc59191da2f479984ad4ec39406bf949a99aba70e9237b916ce7547b6ef42",
                "sha256:25b241034215247481f53355e05f9e25462682b13bd9191359075682adcd9554",
                "sha256:2c872de0c69ed20fb1a9b9cf6f77298b04a26f0b8720a5457be08be254366c6e",
                "sha256:3397c129b479846d7eaa18f999369a24322d008fac0782e7828fa567358c36ce",
                "sha256:368c0f69f93186309e1b4beb8e26d51dd6f5010b79264c0f1e9ca00cd92ea8c9",
                "sha256:3d5db5d815370c28d938cf9b0809dade4acf7aba57eaf7ef733bfedc9b2474c4",
                "sha256:4598cf03136067000855d6b44d7a1f4f46994164bcd450fb2c3d481afc25dd06",
                "sha256:4a453d5e5689de62e5d38edf40af3f17560bfd63c9c5bd228c18c1f99afa155b",
                "sha256:4f12d13ffbc16e988fa40809cbbd7a8b45bc05ff6ea0ba8e3e41f6f4db3a9e47",
                "sha256:634568a3018bc16a83cda28d4f7aed0d803dd5618facb36e977e53b2df868443",
                "sha256:65923bc3809524e46fb7eb4d6346552cbb6a1ffc41be748535aa502a2e3d3389",
                "sha256:6b0ceb23560f46dd236a8ad4378fc40bad1783e997604ba845e131d6c680963e",
                "sha256:8c8d6ca19c8497344b810b0b0344f8375af5f6bb9c98bd42e33f747417ab3f57",
                "sha256:9ad4fcddcbf5dc67619379782e6aeef41218a79e17979aaed01ed099876c0e62",
                "sha256:a254b98dbcc744c723a838c03b74a8a34c0558c9ac5c86d5561703362231107d",
                "sha256:b03c4338d6d3d299e8ca494194c0ae4f611548da59e3c038813f1a43976cb437",
                "sha256:cc1f78ebc982cd0602c9a7615d878396bec94908db67d4ecddca864d049112f2",
                "sha256:d6d25c41a009e3c6b7e757338948d0076ee1dd1770d1c09ec131f11946883c54",
                "sha256:d84cadd7d7998433334c99fa55bcba0d8b4aeff0edb123b2a1dfcface538e474",
                "sha256:e360cb2299028d0b0d0f65a5c5e51fc16a335f1603aa2357c25766c8dab56938",
                "sha256:e98d49a5717369d8241d6cf33ecb0ca72deee392414118198a8e5b4c35c56340",
                "sha256:ed572470af2438b526ea574ff8f05e7f39b44ac37f712105e57fc4d53a6fb660",
                "sha256:f87b39f4d69cf7d7529d7b1098cb712033b17ea7714aed831b95628f483fd012",
                "sha256:fa789583fc94a7689b45834453fec095245c7e69c58561dc159b5d5277057e4c"
            ],
            "markers": "python_version >= '3.6'",
            "version": "==1.5.4"
        },
        "six": {
            "hashes": [
                "sha256:30639c035cdb23534cd4aa2dd52c3bf48f06e5f4a941509c8bafd8ce11080259",
                "sha256:8b74bedcbbbaca38ff6d7491d76f2b06b3592611af620f8426e82dddb04a5ced"
            ],
            "markers": "python_version >= '2.7' and python_version not in '3.0, 3.1, 3.2, 3.3'",
            "version": "==1.15.0"
        },
        "sklearn": {
            "hashes": [
                "sha256:e23001573aa194b834122d2b9562459bf5ae494a2d59ca6b8aa22c85a44c0e31"
            ],
            "index": "pypi",
            "version": "==0.0"
        },
        "statsmodels": {
            "hashes": [
                "sha256:02679bf39d35a2aceb2d9f6d332b4e1cda1797157df792fe867b45f2a14d20d3",
                "sha256:142eacd5a1bd8728358ff48101ee0e51ca3d42a93f6e5cb61fcfacf613977bcf",
                "sha256:33c6cbed74f075b8816cec37e5c7853ed31dcacebfdbbc3af898b4907911544e",
                "sha256:3582c0a497a9cda473470b4dd59ecd103739e3cfef1eb2e20d48dd1a2239f2e4",
                "sha256:3b482ab9759b89cc1c4777b71c1ccf272e868a7551fc6b74da300557407d8379",
                "sha256:3dd59b7cd35843f4764b8a1476be20cf959d3da700327975f7cd2bf2a1b630b2",
                "sha256:588c0f7e29403161ca952dcdad3d67970583742e9f11f66c7c5b08ac97a0408c",
                "sha256:62be4dd5b4a254d59b7feb8093623ba6158080aa6758c2eb19105609da4b40fb",
                "sha256:630b9d938b0388488c66394597500dfba877e3b53da536369393a9a840b8f2a0",
                "sha256:74c6c863d6f8a1f021d42f965b1b97eeea05293d3b18e3690c46eac0cf6d64d9",
                "sha256:7614ef58ebb96cc0d4c45150116f5252a2f1e0bd15e809700776163e5a246b8c",
                "sha256:78813784f5fa612b4399c4963414799fbbb031188f1ad630a501c6b2af7e94e0",
                "sha256:7be4c6d43f1f3a6b28614a4b18fdcf202bd305faf15f4c558e901cbe099ca9ea",
                "sha256:830d59d94841332429edf735430180031ad5dc660de26728d723e347f414c59d",
                "sha256:a271b4ccec190148dccda25f0cbdcbf871f408fc1394a10a7dc1af4a62b91c8e",
                "sha256:a652d8bfb4ec430b706a69e3fcbdac1cdf930823e3f9b8468e3e179d47097bbb",
                "sha256:aa964ca1d65f066b9b096c94fe298aab1441e11731ce6b154ffb5f8d4a4e9ccf",
                "sha256:e5e426fb962f41d58a07a7d2f7daf32f83e911ff578368caddbcdd1886887ed1",
                "sha256:ef3a54b3594f4c49c295388de1fdd840a8c63a857a5252125aaf92a03ea1e3a6",
                "sha256:f585c02b716c161f00e6a2d10f9f3497f57191183dbd6ae7eaa988707023b1ee"
            ],
            "index": "pypi",
            "version": "==0.12.1"
        },
        "texttable": {
            "hashes": [
                "sha256:ce0faf21aa77d806bbff22b107cc22cce68dc9438f97a2df32c93e9afa4ce436",
                "sha256:f802f2ef8459058736264210f716c757cbf85007a30886d8541aa8c3404f1dda"
            ],
            "version": "==1.6.3"
        },
        "threadpoolctl": {
            "hashes": [
                "sha256:38b74ca20ff3bb42caca8b00055111d74159ee95c4370882bbff2b93d24da725",
                "sha256:ddc57c96a38beb63db45d6c159b5ab07b6bced12c45a1f07b2b92f272aebfa6b"
            ],
            "markers": "python_version >= '3.5'",
            "version": "==2.1.0"
        }
    },
    "develop": {}
}
